<?xml version="1.0" encoding="utf-8"?>
<Project ToolsVersion="4.0" xmlns="http://schemas.microsoft.com/developer/msbuild/2003">
  <ItemGroup>
    <Filter Include="源文件">
      <UniqueIdentifier>{4FC737F1-C7A5-4376-A066-2A32D752A2FF}</UniqueIdentifier>
      <Extensions>cpp;c;cc;cxx;def;odl;idl;hpj;bat;asm;asmx</Extensions>
    </Filter>
    <Filter Include="头文件">
      <UniqueIdentifier>{93995380-89BD-4b04-88EB-625FBE52EBFB}</UniqueIdentifier>
      <Extensions>h;hh;hpp;hxx;hm;inl;inc;xsd</Extensions>
    </Filter>
    <Filter Include="资源文件">
      <UniqueIdentifier>{67DA6AB6-F800-4c08-8B7A-83BB121AAD01}</UniqueIdentifier>
      <Extensions>rc;ico;cur;bmp;dlg;rc2;rct;bin;rgs;gif;jpg;jpeg;jpe;resx;tiff;tif;png;wav;mfcribbon-ms</Extensions>
    </Filter>
  </ItemGroup>
  <ItemGroup>
    <Text Include="ReadMe.txt" />
  </ItemGroup>
  <ItemGroup>
    <ClInclude Include="stdafx.h">
      <Filter>头文件</Filter>
    </ClInclude>
    <ClInclude Include="targetver.h">
      <Filter>头文件</Filter>
    </ClInclude>
    <ClInclude Include="..\..\inc\ar_dsp_alg.h">
      <Filter>头文件</Filter>
    </ClInclude>
    <ClInclude Include="..\..\..\..\..\..\output\staging\target\include\ar_icc.h">
      <Filter>头文件</Filter>
    </ClInclude>
    <ClInclude Include="..\..\..\..\..\..\output\staging\target\include\ar_picture_common_api.h">
      <Filter>头文件</Filter>
    </ClInclude>
    <ClInclude Include="..\..\..\..\..\..\output\staging\target\include\ar_ion.h">
      <Filter>头文件</Filter>
    </ClInclude>
    <ClInclude Include="..\..\..\..\..\..\output\staging\target\include\icc_proxy_rpc_to_linux.h">
      <Filter>头文件</Filter>
    </ClInclude>
    <ClInclude Include="..\..\..\artosyn\inc\ar_alg\ar_alg.h">
      <Filter>头文件</Filter>
    </ClInclude>
    <ClInclude Include="..\..\..\artosyn\inc\ar_alg\ar_alg_define.h">
      <Filter>头文件</Filter>
    </ClInclude>
    <ClInclude Include="..\..\inc\minGlue.h">
      <Filter>头文件</Filter>
    </ClInclude>
    <ClInclude Include="..\..\inc\minGlue-ccs.h">
      <Filter>头文件</Filter>
    </ClInclude>
    <ClInclude Include="..\..\inc\minGlue-efsl.h">
      <Filter>头文件</Filter>
    </ClInclude>
    <ClInclude Include="..\..\inc\minGlue-FatFs.h">
      <Filter>头文件</Filter>
    </ClInclude>
    <ClInclude Include="..\..\inc\minGlue-ffs.h">
      <Filter>头文件</Filter>
    </ClInclude>
    <ClInclude Include="..\..\inc\minGlue-mdd.h">
      <Filter>头文件</Filter>
    </ClInclude>
    <ClInclude Include="..\..\inc\minGlue-stdio.h">
      <Filter>头文件</Filter>
    </ClInclude>
    <ClInclude Include="..\..\inc\minIni.h">
      <Filter>头文件</Filter>
    </ClInclude>
    <ClInclude Include="..\..\inc\wxMinIni.h">
      <Filter>头文件</Filter>
    </ClInclude>
    <ClInclude Include="..\..\..\..\..\..\..\..\opencv\build\include\opencv2\calib3d.hpp">
      <Filter>头文件</Filter>
    </ClInclude>
    <ClInclude Include="..\..\..\..\..\..\..\..\opencv\build\include\opencv2\core.hpp">
      <Filter>头文件</Filter>
    </ClInclude>
    <ClInclude Include="..\..\..\..\..\..\..\..\opencv\build\include\opencv2\features2d.hpp">
      <Filter>头文件</Filter>
    </ClInclude>
    <ClInclude Include="..\..\..\..\..\..\..\..\opencv\build\include\opencv2\flann.hpp">
      <Filter>头文件</Filter>
    </ClInclude>
    <ClInclude Include="..\..\..\..\..\..\..\..\opencv\build\include\opencv2\highgui.hpp">
      <Filter>头文件</Filter>
    </ClInclude>
    <ClInclude Include="..\..\..\..\..\..\..\..\opencv\build\include\opencv2\imgproc.hpp">
      <Filter>头文件</Filter>
    </ClInclude>
    <ClInclude Include="..\..\..\..\..\..\..\..\opencv\build\include\opencv2\ml.hpp">
      <Filter>头文件</Filter>
    </ClInclude>
    <ClInclude Include="..\..\..\..\..\..\..\..\opencv\build\include\opencv2\objdetect.hpp">
      <Filter>头文件</Filter>
    </ClInclude>
    <ClInclude Include="..\..\..\..\..\..\..\..\opencv\build\include\opencv2\opencv.hpp">
      <Filter>头文件</Filter>
    </ClInclude>
    <ClInclude Include="..\..\..\..\..\..\..\..\opencv\build\include\opencv2\opencv_modules.hpp">
      <Filter>头文件</Filter>
    </ClInclude>
    <ClInclude Include="..\..\..\..\..\..\..\..\opencv\build\include\opencv2\photo.hpp">
      <Filter>头文件</Filter>
    </ClInclude>
    <ClInclude Include="..\..\..\..\..\..\..\..\opencv\build\include\opencv2\stitching.hpp">
      <Filter>头文件</Filter>
    </ClInclude>
    <ClInclude Include="..\..\..\..\..\..\..\..\opencv\build\include\opencv2\superres.hpp">
      <Filter>头文件</Filter>
    </ClInclude>
    <ClInclude Include="..\..\..\..\..\..\..\..\opencv\build\include\opencv2\ts.hpp">
      <Filter>头文件</Filter>
    </ClInclude>
    <ClInclude Include="..\..\..\..\..\..\..\..\opencv\build\include\opencv2\video.hpp">
      <Filter>头文件</Filter>
    </ClInclude>
    <ClInclude Include="..\..\..\..\..\..\..\..\opencv\build\include\opencv2\videostab.hpp">
      <Filter>头文件</Filter>
    </ClInclude>
    <ClInclude Include="..\..\..\..\..\..\..\..\opencv\build\include\opencv\cv.h">
      <Filter>头文件</Filter>
    </ClInclude>
    <ClInclude Include="..\..\..\..\..\..\..\..\opencv\build\include\opencv\cv.hpp">
      <Filter>头文件</Filter>
    </ClInclude>
    <ClInclude Include="..\..\..\..\..\..\..\..\opencv\build\include\opencv\cvaux.h">
      <Filter>头文件</Filter>
    </ClInclude>
    <ClInclude Include="..\..\..\..\..\..\..\..\opencv\build\include\opencv\cvaux.hpp">
      <Filter>头文件</Filter>
    </ClInclude>
    <ClInclude Include="..\..\..\..\..\..\..\..\opencv\build\include\opencv\cvwimage.h">
      <Filter>头文件</Filter>
    </ClInclude>
    <ClInclude Include="..\..\..\..\..\..\..\..\opencv\build\include\opencv\cxcore.h">
      <Filter>头文件</Filter>
    </ClInclude>
    <ClInclude Include="..\..\..\..\..\..\..\..\opencv\build\include\opencv\cxcore.hpp">
      <Filter>头文件</Filter>
    </ClInclude>
    <ClInclude Include="..\..\..\..\..\..\..\..\opencv\build\include\opencv\cxeigen.hpp">
      <Filter>头文件</Filter>
    </ClInclude>
    <ClInclude Include="..\..\..\..\..\..\..\..\opencv\build\include\opencv\cxmisc.h">
      <Filter>头文件</Filter>
    </ClInclude>
    <ClInclude Include="..\..\..\..\..\..\..\..\opencv\build\include\opencv\highgui.h">
      <Filter>头文件</Filter>
    </ClInclude>
    <ClInclude Include="..\..\..\..\..\..\..\..\opencv\build\include\opencv\ml.h">
      <Filter>头文件</Filter>
    </ClInclude>
  </ItemGroup>
  <ItemGroup>
    <ClCompile Include="stdafx.cpp">
      <Filter>源文件</Filter>
    </ClCompile>
    <ClCompile Include="..\..\src\ar_dsp_common.cpp">
      <Filter>源文件</Filter>
    </ClCompile>
    <ClCompile Include="..\..\src\ar_face_detect_recognize.cpp">
      <Filter>源文件</Filter>
    </ClCompile>
    <ClCompile Include="..\..\src\ar_network_evaluation.cpp">
      <Filter>源文件</Filter>
    </ClCompile>
    <ClCompile Include="..\..\src\ar_std_mobilenet_ssd.cpp">
      <Filter>源文件</Filter>
    </ClCompile>
    <ClCompile Include="..\..\src\main.cpp">
      <Filter>源文件</Filter>
    </ClCompile>
    <ClCompile Include="..\..\src\minIni.c">
      <Filter>源文件</Filter>
    </ClCompile>
  </ItemGroup>
</Project>
